NeoBundleLock AutoComplPop 0b075cf5e6ef05584ef6377e116e8d0fe1f8f788
NeoBundleLock codeschool-vim-theme 880cc5470dace0fb5de204d68a918a6fdc61232d
NeoBundleLock emmet-vim 31d903d390035ea4158dc70d49034673d993ad7b
NeoBundleLock neobundle.vim 380d9d299300019c0a9970ae6b87faabedab0747
NeoBundleLock nerdtree 15445be5fb2559829ac7a1f05af5d713586e8ec9
NeoBundleLock snipmate.vim 9d93a221daff424a0fd32e52eae3abf4003125cb
NeoBundleLock vim-easymotion 5c6f3cd9a713491e6b32752a05c45198aa91540a
NeoBundleLock vim-markdown a3169545f330ec8080244c3ad755bb2211eca8a0
NeoBundleLock vim-markdown-preview 5b2ccdaea1254ac2c3b7958f585a29f5f725c8e4
NeoBundleLock vim-preview 68651a387a8b44b9aaeb9d888545812f2b86c161
NeoBundleLock vimtex 257d2f91de35716d09f08fbbcb384cdc20ac7659
NeoBundleLock voom a88734fd3e3aa5ce43d65cdfd6d81fa73bf49757
